
Microsoft Visual Studio Solution File, Format Version 12.00
# Visual Studio 15
VisualStudioVersion = 15.0.27703.2018
MinimumVisualStudioVersion = 10.0.40219.1
Project("{FAE04EC0-301F-11D3-BF4B-00C04F79EFBC}") = "CodingSpring13.AbsentStudents", "CodingSpring13.AbsentStudents\CodingSpring13.AbsentStudents.csproj", "{00A21A46-5A9C-4B43-94E8-7061AE76FD10}"
EndProject
Project("{FAE04EC0-301F-11D3-BF4B-00C04F79EFBC}") = "CodeSprint13.GroupFormation", "CodeSprint13.GroupFormation\CodeSprint13.GroupFormation.csproj", "{1E70C06E-56D1-46CB-ADF0-31254E9B04F6}"
EndProject
Project("{FAE04EC0-301F-11D3-BF4B-00C04F79EFBC}") = "CodeSprint13.GroupFormationGraph", "CodeSprint13.GroupFormationGraph\CodeSprint13.GroupFormationGraph.csproj", "{87AAD27C-E7EB-4F22-953B-B39BC658CDB1}"
EndProject
Global
	GlobalSection(SolutionConfigurationPlatforms) = preSolution
		Debug|Any CPU = Debug|Any CPU
		Release|Any CPU = Release|Any CPU
	EndGlobalSection
	GlobalSection(ProjectConfigurationPlatforms) = postSolution
		{00A21A46-5A9C-4B43-94E8-7061AE76FD10}.Debug|Any CPU.ActiveCfg = Debug|Any CPU
		{00A21A46-5A9C-4B43-94E8-7061AE76FD10}.Debug|Any CPU.Build.0 = Debug|Any CPU
		{00A21A46-5A9C-4B43-94E8-7061AE76FD10}.Release|Any CPU.ActiveCfg = Release|Any CPU
		{00A21A46-5A9C-4B43-94E8-7061AE76FD10}.Release|Any CPU.Build.0 = Release|Any CPU
		{1E70C06E-56D1-46CB-ADF0-31254E9B04F6}.Debug|Any CPU.ActiveCfg = Debug|Any CPU
		{1E70C06E-56D1-46CB-ADF0-31254E9B04F6}.Debug|Any CPU.Build.0 = Debug|Any CPU
		{1E70C06E-56D1-46CB-ADF0-31254E9B04F6}.Release|Any CPU.ActiveCfg = Release|Any CPU
		{1E70C06E-56D1-46CB-ADF0-31254E9B04F6}.Release|Any CPU.Build.0 = Release|Any CPU
		{87AAD27C-E7EB-4F22-953B-B39BC658CDB1}.Debug|Any CPU.ActiveCfg = Debug|Any CPU
		{87AAD27C-E7EB-4F22-953B-B39BC658CDB1}.Debug|Any CPU.Build.0 = Debug|Any CPU
		{87AAD27C-E7EB-4F22-953B-B39BC658CDB1}.Release|Any CPU.ActiveCfg = Release|Any CPU
		{87AAD27C-E7EB-4F22-953B-B39BC658CDB1}.Release|Any CPU.Build.0 = Release|Any CPU
	EndGlobalSection
	GlobalSection(SolutionProperties) = preSolution
		HideSolutionNode = FALSE
	EndGlobalSection
	GlobalSection(ExtensibilityGlobals) = postSolution
		SolutionGuid = {109F8AE1-9D8E-41F2-AC67-D29E1DDA132F}
	EndGlobalSection
EndGlobal
